{
  "version": 4,
  "terraform_version": "1.5.7",
  "serial": 24,
  "lineage": "9765fe43-8804-8c43-1f28-1b29fc7bd973",
  "outputs": {
    "terraform-fist-repo-url": {
      "value": "https://github.com/pranav550/first-repo-from-terraform-mannualy",
      "type": "string"
    }
  },
  "resources": [
    {
      "mode": "managed",
      "type": "github_repository",
      "name": "terraform-fist-repo",
      "provider": "provider[\"registry.terraform.io/hashicorp/github\"]",
      "instances": [
        {
          "schema_version": 1,
          "attributes": {
            "allow_auto_merge": false,
            "allow_merge_commit": true,
            "allow_rebase_merge": true,
            "allow_squash_merge": true,
            "allow_update_branch": false,
            "archive_on_destroy": null,
            "archived": false,
            "auto_init": true,
            "default_branch": "main",
            "delete_branch_on_merge": false,
            "description": "My awesome codebase",
            "etag": "W/\"28cf660e6bf62e38f0f34c906c18e6715e453d854de64ab3e3f9d4ce8453e628\"",
            "full_name": "pranav550/first-repo-from-terraform-mannualy",
            "git_clone_url": "git://github.com/pranav550/first-repo-from-terraform-mannualy.git",
            "gitignore_template": null,
            "has_discussions": false,
            "has_downloads": false,
            "has_issues": false,
            "has_projects": false,
            "has_wiki": false,
            "homepage_url": "",
            "html_url": "https://github.com/pranav550/first-repo-from-terraform-mannualy",
            "http_clone_url": "https://github.com/pranav550/first-repo-from-terraform-mannualy.git",
            "id": "first-repo-from-terraform",
            "ignore_vulnerability_alerts_during_read": null,
            "is_template": false,
            "license_template": null,
            "merge_commit_message": "PR_TITLE",
            "merge_commit_title": "MERGE_MESSAGE",
            "name": "first-repo-from-terraform",
            "node_id": "R_kgDOKRpDdA",
            "pages": [],
            "primary_language": "",
            "private": false,
            "repo_id": 689587060,
            "security_and_analysis": [
              {
                "advanced_security": [],
                "secret_scanning": [
                  {
                    "status": "disabled"
                  }
                ],
                "secret_scanning_push_protection": [
                  {
                    "status": "disabled"
                  }
                ]
              }
            ],
            "squash_merge_commit_message": "COMMIT_MESSAGES",
            "squash_merge_commit_title": "COMMIT_OR_PR_TITLE",
            "ssh_clone_url": "git@github.com:pranav550/first-repo-from-terraform-mannualy.git",
            "svn_url": "https://github.com/pranav550/first-repo-from-terraform-mannualy",
            "template": [],
            "topics": [],
            "visibility": "public",
            "vulnerability_alerts": false
          },
          "sensitive_attributes": [],
          "private": "eyJzY2hlbWFfdmVyc2lvbiI6IjEifQ=="
        }
      ]
    }
  ],
  "check_results": null
}
